{
  "name": "xstate-things",
  "version": "1.0.0",
  "lockfileVersion": 3,
  "requires": true,
  "packages": {
    "": {
      "name": "xstate-things",
      "version": "1.0.0",
      "license": "ISC",
      "dependencies": {
        "xstate": "^5.9.1"
      }
    },
    "node_modules/xstate": {
      "version": "5.9.1",
      "resolved": "https://registry.npmjs.org/xstate/-/xstate-5.9.1.tgz",
      "integrity": "sha512-85edx7iMqRJSRlEPevDwc98EWDYUlT5zEQ54AXuRVR+G76gFbcVTAUdtAeqOVxy8zYnUr9FBB5114iK6enljjw==",
      "funding": {
        "type": "opencollective",
        "url": "https://opencollective.com/xstate"
      }
    }
  }
}
